
Microsoft Visual Studio Solution File, Format Version 12.00
# Visual Studio Version 17
VisualStudioVersion = 17.0.31612.314
MinimumVisualStudioVersion = 10.0.40219.1
Project("{FAE04EC0-301F-11D3-BF4B-00C04F79EFBC}") = "Pong", "Pong\Pong.csproj", "{E3981D6F-3308-4CEF-A601-97DF6FA400E3}"
EndProject
Global
	GlobalSection(SolutionConfigurationPlatforms) = preSolution
		Debug|Any CPU = Debug|Any CPU
		Release|Any CPU = Release|Any CPU
	EndGlobalSection
	GlobalSection(ProjectConfigurationPlatforms) = postSolution
		{E3981D6F-3308-4CEF-A601-97DF6FA400E3}.Debug|Any CPU.ActiveCfg = Debug|Any CPU
		{E3981D6F-3308-4CEF-A601-97DF6FA400E3}.Debug|Any CPU.Build.0 = Debug|Any CPU
		{E3981D6F-3308-4CEF-A601-97DF6FA400E3}.Release|Any CPU.ActiveCfg = Release|Any CPU
		{E3981D6F-3308-4CEF-A601-97DF6FA400E3}.Release|Any CPU.Build.0 = Release|Any CPU
	EndGlobalSection
	GlobalSection(SolutionProperties) = preSolution
		HideSolutionNode = FALSE
	EndGlobalSection
	GlobalSection(ExtensibilityGlobals) = postSolution
		SolutionGuid = {98C64D68-3EBC-42E2-AD79-EC230B8C4E2D}
	EndGlobalSection
EndGlobal
